
Microsoft Visual Studio Solution File, Format Version 12.00
# Visual Studio 15
VisualStudioVersion = 15.0.28307.539
MinimumVisualStudioVersion = 10.0.40219.1
Project("{8BC9CEB8-8B4A-11D0-8D11-00A0C91BC942}") = "NetworkProgramming", "NetworkProgramming\NetworkProgramming.vcxproj", "{B748B053-4950-4706-9164-5879703C1EF4}"
EndProject
Project("{8BC9CEB8-8B4A-11D0-8D11-00A0C91BC942}") = "day24_05.02", "day24_05.02\day24_05.02.vcxproj", "{EC28AAA5-40B3-44BC-B490-433584C58F26}"
EndProject
Project("{8BC9CEB8-8B4A-11D0-8D11-00A0C91BC942}") = "day25_05.07", "day25_05.07\day25_05.07.vcxproj", "{C1C43FD7-B1BB-46AE-8FA7-A59117B64770}"
EndProject
Project("{8BC9CEB8-8B4A-11D0-8D11-00A0C91BC942}") = "SocketChatClient", "SocketChat\SocketChat.vcxproj", "{7DF5361F-A3A1-4A70-BE50-116505D92498}"
EndProject
Project("{8BC9CEB8-8B4A-11D0-8D11-00A0C91BC942}") = "day26_05.08", "day26_05.08\day26_05.08.vcxproj", "{1BD9FAEA-903D-49D6-8AE1-A86BB3570AC3}"
EndProject
Project("{8BC9CEB8-8B4A-11D0-8D11-00A0C91BC942}") = "SocketChatServer", "SocketChatServer\SocketChatServer.vcxproj", "{052D58E2-2033-478C-94DF-A3CC9CEE159B}"
EndProject
Project("{8BC9CEB8-8B4A-11D0-8D11-00A0C91BC942}") = "day27_05.09", "day27_05.09\day27_05.09.vcxproj", "{193E0096-CC0C-438D-9D6E-2F6D79913348}"
EndProject
Global
	GlobalSection(SolutionConfigurationPlatforms) = preSolution
		Debug|x64 = Debug|x64
		Debug|x86 = Debug|x86
		Release|x64 = Release|x64
		Release|x86 = Release|x86
	EndGlobalSection
	GlobalSection(ProjectConfigurationPlatforms) = postSolution
		{B748B053-4950-4706-9164-5879703C1EF4}.Debug|x64.ActiveCfg = Debug|x64
		{B748B053-4950-4706-9164-5879703C1EF4}.Debug|x64.Build.0 = Debug|x64
		{B748B053-4950-4706-9164-5879703C1EF4}.Debug|x86.ActiveCfg = Debug|Win32
		{B748B053-4950-4706-9164-5879703C1EF4}.Debug|x86.Build.0 = Debug|Win32
		{B748B053-4950-4706-9164-5879703C1EF4}.Release|x64.ActiveCfg = Release|x64
		{B748B053-4950-4706-9164-5879703C1EF4}.Release|x64.Build.0 = Release|x64
		{B748B053-4950-4706-9164-5879703C1EF4}.Release|x86.ActiveCfg = Release|Win32
		{B748B053-4950-4706-9164-5879703C1EF4}.Release|x86.Build.0 = Release|Win32
		{EC28AAA5-40B3-44BC-B490-433584C58F26}.Debug|x64.ActiveCfg = Debug|x64
		{EC28AAA5-40B3-44BC-B490-433584C58F26}.Debug|x64.Build.0 = Debug|x64
		{EC28AAA5-40B3-44BC-B490-433584C58F26}.Debug|x86.ActiveCfg = Debug|Win32
		{EC28AAA5-40B3-44BC-B490-433584C58F26}.Debug|x86.Build.0 = Debug|Win32
		{EC28AAA5-40B3-44BC-B490-433584C58F26}.Release|x64.ActiveCfg = Release|x64
		{EC28AAA5-40B3-44BC-B490-433584C58F26}.Release|x64.Build.0 = Release|x64
		{EC28AAA5-40B3-44BC-B490-433584C58F26}.Release|x86.ActiveCfg = Release|Win32
		{EC28AAA5-40B3-44BC-B490-433584C58F26}.Release|x86.Build.0 = Release|Win32
		{C1C43FD7-B1BB-46AE-8FA7-A59117B64770}.Debug|x64.ActiveCfg = Debug|x64
		{C1C43FD7-B1BB-46AE-8FA7-A59117B64770}.Debug|x64.Build.0 = Debug|x64
		{C1C43FD7-B1BB-46AE-8FA7-A59117B64770}.Debug|x86.ActiveCfg = Debug|Win32
		{C1C43FD7-B1BB-46AE-8FA7-A59117B64770}.Debug|x86.Build.0 = Debug|Win32
		{C1C43FD7-B1BB-46AE-8FA7-A59117B64770}.Release|x64.ActiveCfg = Release|x64
		{C1C43FD7-B1BB-46AE-8FA7-A59117B64770}.Release|x64.Build.0 = Release|x64
		{C1C43FD7-B1BB-46AE-8FA7-A59117B64770}.Release|x86.ActiveCfg = Release|Win32
		{C1C43FD7-B1BB-46AE-8FA7-A59117B64770}.Release|x86.Build.0 = Release|Win32
		{7DF5361F-A3A1-4A70-BE50-116505D92498}.Debug|x64.ActiveCfg = Debug|x64
		{7DF5361F-A3A1-4A70-BE50-116505D92498}.Debug|x64.Build.0 = Debug|x64
		{7DF5361F-A3A1-4A70-BE50-116505D92498}.Debug|x86.ActiveCfg = Debug|Win32
		{7DF5361F-A3A1-4A70-BE50-116505D92498}.Debug|x86.Build.0 = Debug|Win32
		{7DF5361F-A3A1-4A70-BE50-116505D92498}.Release|x64.ActiveCfg = Release|x64
		{7DF5361F-A3A1-4A70-BE50-116505D92498}.Release|x64.Build.0 = Release|x64
		{7DF5361F-A3A1-4A70-BE50-116505D92498}.Release|x86.ActiveCfg = Release|Win32
		{7DF5361F-A3A1-4A70-BE50-116505D92498}.Release|x86.Build.0 = Release|Win32
		{1BD9FAEA-903D-49D6-8AE1-A86BB3570AC3}.Debug|x64.ActiveCfg = Debug|x64
		{1BD9FAEA-903D-49D6-8AE1-A86BB3570AC3}.Debug|x64.Build.0 = Debug|x64
		{1BD9FAEA-903D-49D6-8AE1-A86BB3570AC3}.Debug|x86.ActiveCfg = Debug|Win32
		{1BD9FAEA-903D-49D6-8AE1-A86BB3570AC3}.Debug|x86.Build.0 = Debug|Win32
		{1BD9FAEA-903D-49D6-8AE1-A86BB3570AC3}.Release|x64.ActiveCfg = Release|x64
		{1BD9FAEA-903D-49D6-8AE1-A86BB3570AC3}.Release|x64.Build.0 = Release|x64
		{1BD9FAEA-903D-49D6-8AE1-A86BB3570AC3}.Release|x86.ActiveCfg = Release|Win32
		{1BD9FAEA-903D-49D6-8AE1-A86BB3570AC3}.Release|x86.Build.0 = Release|Win32
		{052D58E2-2033-478C-94DF-A3CC9CEE159B}.Debug|x64.ActiveCfg = Debug|x64
		{052D58E2-2033-478C-94DF-A3CC9CEE159B}.Debug|x64.Build.0 = Debug|x64
		{052D58E2-2033-478C-94DF-A3CC9CEE159B}.Debug|x86.ActiveCfg = Debug|Win32
		{052D58E2-2033-478C-94DF-A3CC9CEE159B}.Debug|x86.Build.0 = Debug|Win32
		{052D58E2-2033-478C-94DF-A3CC9CEE159B}.Release|x64.ActiveCfg = Release|x64
		{052D58E2-2033-478C-94DF-A3CC9CEE159B}.Release|x64.Build.0 = Release|x64
		{052D58E2-2033-478C-94DF-A3CC9CEE159B}.Release|x86.ActiveCfg = Release|Win32
		{052D58E2-2033-478C-94DF-A3CC9CEE159B}.Release|x86.Build.0 = Release|Win32
		{193E0096-CC0C-438D-9D6E-2F6D79913348}.Debug|x64.ActiveCfg = Debug|x64
		{193E0096-CC0C-438D-9D6E-2F6D79913348}.Debug|x64.Build.0 = Debug|x64
		{193E0096-CC0C-438D-9D6E-2F6D79913348}.Debug|x86.ActiveCfg = Debug|Win32
		{193E0096-CC0C-438D-9D6E-2F6D79913348}.Debug|x86.Build.0 = Debug|Win32
		{193E0096-CC0C-438D-9D6E-2F6D79913348}.Release|x64.ActiveCfg = Release|x64
		{193E0096-CC0C-438D-9D6E-2F6D79913348}.Release|x64.Build.0 = Release|x64
		{193E0096-CC0C-438D-9D6E-2F6D79913348}.Release|x86.ActiveCfg = Release|Win32
		{193E0096-CC0C-438D-9D6E-2F6D79913348}.Release|x86.Build.0 = Release|Win32
	EndGlobalSection
	GlobalSection(SolutionProperties) = preSolution
		HideSolutionNode = FALSE
	EndGlobalSection
	GlobalSection(ExtensibilityGlobals) = postSolution
		SolutionGuid = {B95EAB42-9671-4531-9750-D5A9F90030EE}
	EndGlobalSection
EndGlobal
