
Microsoft Visual Studio Solution File, Format Version 12.00
# Visual Studio 15
VisualStudioVersion = 15.0.28307.539
MinimumVisualStudioVersion = 10.0.40219.1
Project("{8BC9CEB8-8B4A-11D0-8D11-00A0C91BC942}") = "MFC(기본)", "MFC\MFC.vcxproj", "{447A190A-01B1-4559-AABE-5BDA4022800A}"
EndProject
Project("{8BC9CEB8-8B4A-11D0-8D11-00A0C91BC942}") = "day20_04.27", "day20_04.27\day20_04.27.vcxproj", "{59DAB8FA-B0B1-4938-874C-AB584ED8313F}"
EndProject
Project("{8BC9CEB8-8B4A-11D0-8D11-00A0C91BC942}") = "day20_04.27_2", "day20_04.27_2\day20_04.27_2.vcxproj", "{211653DF-B258-4313-9BA4-03BC554633C8}"
EndProject
Project("{8BC9CEB8-8B4A-11D0-8D11-00A0C91BC942}") = "day21_04.29", "day21_04.29\day21_04.29.vcxproj", "{5B1EF7FC-D3A4-4BED-86A0-C37AFC4912D1}"
EndProject
Project("{8BC9CEB8-8B4A-11D0-8D11-00A0C91BC942}") = "day21_04.29_2", "day21_04.29_2\day21_04.29_2.vcxproj", "{92786A16-CC49-43E2-831E-5B3564613B0A}"
EndProject
Project("{8BC9CEB8-8B4A-11D0-8D11-00A0C91BC942}") = "day21_04.29_3", "day21_04.29_3\day21_04.29_3.vcxproj", "{72AC4BA7-D835-4ACE-819F-FC53934561A5}"
EndProject
Project("{8BC9CEB8-8B4A-11D0-8D11-00A0C91BC942}") = "day21_04.29_4", "day21_04.29_4\day21_04.29_4.vcxproj", "{FCA6E631-C435-4C03-97F3-B8DF3C246D6C}"
EndProject
Project("{8BC9CEB8-8B4A-11D0-8D11-00A0C91BC942}") = "day21_04.29_5", "day21_04.29_5\day21_04.29_5.vcxproj", "{54C977D5-C8D7-4C2F-ACF2-7AE3B8CED8C3}"
EndProject
Project("{8BC9CEB8-8B4A-11D0-8D11-00A0C91BC942}") = "day21_test", "day21_test\day21_test.vcxproj", "{4B69C8E4-BDA8-49A7-A0E6-A57FEEECEA00}"
EndProject
Project("{8BC9CEB8-8B4A-11D0-8D11-00A0C91BC942}") = "day22_04.30_1", "day22_04.30_1\day22_04.30_1.vcxproj", "{95CDB5E3-BE68-4D2A-94D7-FA2C0F5F7F86}"
EndProject
Project("{8BC9CEB8-8B4A-11D0-8D11-00A0C91BC942}") = "day22_04.30_2", "day22_04.30_2\day22_04.30_2.vcxproj", "{CACA1FF2-62CB-4402-B7E4-05DFF3E56C0A}"
EndProject
Project("{8BC9CEB8-8B4A-11D0-8D11-00A0C91BC942}") = "ImplicitDllDemo", "ImplicitDllDemo\ImplicitDllDemo.vcxproj", "{74F9676C-2BC9-488E-8F1C-192BC93A8AFF}"
EndProject
Project("{8BC9CEB8-8B4A-11D0-8D11-00A0C91BC942}") = "ImplicitDllTest", "ImplicitDllTest\ImplicitDllTest.vcxproj", "{E2133278-2CAA-4961-8B13-757CF70E7160}"
EndProject
Project("{8BC9CEB8-8B4A-11D0-8D11-00A0C91BC942}") = "ExplicitDllTest", "ExplicitDllTest\ExplicitDllTest.vcxproj", "{DD9E07AB-F0B5-4DF0-AC32-CC237D41443B}"
EndProject
Project("{8BC9CEB8-8B4A-11D0-8D11-00A0C91BC942}") = "CalcDLL", "CalcDLL\CalcDLL.vcxproj", "{48456229-331B-465C-A479-2FA2C2199DF9}"
EndProject
Project("{8BC9CEB8-8B4A-11D0-8D11-00A0C91BC942}") = "CalcMFC", "CalcMFC\CalcMFC.vcxproj", "{6B273724-384C-4706-858A-6FD33C11CBDF}"
EndProject
Project("{8BC9CEB8-8B4A-11D0-8D11-00A0C91BC942}") = "day22_04.30_Paint", "day22_04.30_Paint\day22_04.30_Paint.vcxproj", "{FB62073F-E235-437A-BB4A-FB5EED9ABE89}"
EndProject
Global
	GlobalSection(SolutionConfigurationPlatforms) = preSolution
		Debug|x64 = Debug|x64
		Debug|x86 = Debug|x86
		Release|x64 = Release|x64
		Release|x86 = Release|x86
	EndGlobalSection
	GlobalSection(ProjectConfigurationPlatforms) = postSolution
		{447A190A-01B1-4559-AABE-5BDA4022800A}.Debug|x64.ActiveCfg = Debug|x64
		{447A190A-01B1-4559-AABE-5BDA4022800A}.Debug|x64.Build.0 = Debug|x64
		{447A190A-01B1-4559-AABE-5BDA4022800A}.Debug|x86.ActiveCfg = Debug|Win32
		{447A190A-01B1-4559-AABE-5BDA4022800A}.Debug|x86.Build.0 = Debug|Win32
		{447A190A-01B1-4559-AABE-5BDA4022800A}.Release|x64.ActiveCfg = Release|x64
		{447A190A-01B1-4559-AABE-5BDA4022800A}.Release|x64.Build.0 = Release|x64
		{447A190A-01B1-4559-AABE-5BDA4022800A}.Release|x86.ActiveCfg = Release|Win32
		{447A190A-01B1-4559-AABE-5BDA4022800A}.Release|x86.Build.0 = Release|Win32
		{59DAB8FA-B0B1-4938-874C-AB584ED8313F}.Debug|x64.ActiveCfg = Debug|x64
		{59DAB8FA-B0B1-4938-874C-AB584ED8313F}.Debug|x64.Build.0 = Debug|x64
		{59DAB8FA-B0B1-4938-874C-AB584ED8313F}.Debug|x86.ActiveCfg = Debug|Win32
		{59DAB8FA-B0B1-4938-874C-AB584ED8313F}.Debug|x86.Build.0 = Debug|Win32
		{59DAB8FA-B0B1-4938-874C-AB584ED8313F}.Release|x64.ActiveCfg = Release|x64
		{59DAB8FA-B0B1-4938-874C-AB584ED8313F}.Release|x64.Build.0 = Release|x64
		{59DAB8FA-B0B1-4938-874C-AB584ED8313F}.Release|x86.ActiveCfg = Release|Win32
		{59DAB8FA-B0B1-4938-874C-AB584ED8313F}.Release|x86.Build.0 = Release|Win32
		{211653DF-B258-4313-9BA4-03BC554633C8}.Debug|x64.ActiveCfg = Debug|x64
		{211653DF-B258-4313-9BA4-03BC554633C8}.Debug|x64.Build.0 = Debug|x64
		{211653DF-B258-4313-9BA4-03BC554633C8}.Debug|x86.ActiveCfg = Debug|Win32
		{211653DF-B258-4313-9BA4-03BC554633C8}.Debug|x86.Build.0 = Debug|Win32
		{211653DF-B258-4313-9BA4-03BC554633C8}.Release|x64.ActiveCfg = Release|x64
		{211653DF-B258-4313-9BA4-03BC554633C8}.Release|x64.Build.0 = Release|x64
		{211653DF-B258-4313-9BA4-03BC554633C8}.Release|x86.ActiveCfg = Release|Win32
		{211653DF-B258-4313-9BA4-03BC554633C8}.Release|x86.Build.0 = Release|Win32
		{5B1EF7FC-D3A4-4BED-86A0-C37AFC4912D1}.Debug|x64.ActiveCfg = Debug|x64
		{5B1EF7FC-D3A4-4BED-86A0-C37AFC4912D1}.Debug|x64.Build.0 = Debug|x64
		{5B1EF7FC-D3A4-4BED-86A0-C37AFC4912D1}.Debug|x86.ActiveCfg = Debug|Win32
		{5B1EF7FC-D3A4-4BED-86A0-C37AFC4912D1}.Debug|x86.Build.0 = Debug|Win32
		{5B1EF7FC-D3A4-4BED-86A0-C37AFC4912D1}.Release|x64.ActiveCfg = Release|x64
		{5B1EF7FC-D3A4-4BED-86A0-C37AFC4912D1}.Release|x64.Build.0 = Release|x64
		{5B1EF7FC-D3A4-4BED-86A0-C37AFC4912D1}.Release|x86.ActiveCfg = Release|Win32
		{5B1EF7FC-D3A4-4BED-86A0-C37AFC4912D1}.Release|x86.Build.0 = Release|Win32
		{92786A16-CC49-43E2-831E-5B3564613B0A}.Debug|x64.ActiveCfg = Debug|x64
		{92786A16-CC49-43E2-831E-5B3564613B0A}.Debug|x64.Build.0 = Debug|x64
		{92786A16-CC49-43E2-831E-5B3564613B0A}.Debug|x86.ActiveCfg = Debug|Win32
		{92786A16-CC49-43E2-831E-5B3564613B0A}.Debug|x86.Build.0 = Debug|Win32
		{92786A16-CC49-43E2-831E-5B3564613B0A}.Release|x64.ActiveCfg = Release|x64
		{92786A16-CC49-43E2-831E-5B3564613B0A}.Release|x64.Build.0 = Release|x64
		{92786A16-CC49-43E2-831E-5B3564613B0A}.Release|x86.ActiveCfg = Release|Win32
		{92786A16-CC49-43E2-831E-5B3564613B0A}.Release|x86.Build.0 = Release|Win32
		{72AC4BA7-D835-4ACE-819F-FC53934561A5}.Debug|x64.ActiveCfg = Debug|x64
		{72AC4BA7-D835-4ACE-819F-FC53934561A5}.Debug|x64.Build.0 = Debug|x64
		{72AC4BA7-D835-4ACE-819F-FC53934561A5}.Debug|x86.ActiveCfg = Debug|Win32
		{72AC4BA7-D835-4ACE-819F-FC53934561A5}.Debug|x86.Build.0 = Debug|Win32
		{72AC4BA7-D835-4ACE-819F-FC53934561A5}.Release|x64.ActiveCfg = Release|x64
		{72AC4BA7-D835-4ACE-819F-FC53934561A5}.Release|x64.Build.0 = Release|x64
		{72AC4BA7-D835-4ACE-819F-FC53934561A5}.Release|x86.ActiveCfg = Release|Win32
		{72AC4BA7-D835-4ACE-819F-FC53934561A5}.Release|x86.Build.0 = Release|Win32
		{FCA6E631-C435-4C03-97F3-B8DF3C246D6C}.Debug|x64.ActiveCfg = Debug|x64
		{FCA6E631-C435-4C03-97F3-B8DF3C246D6C}.Debug|x64.Build.0 = Debug|x64
		{FCA6E631-C435-4C03-97F3-B8DF3C246D6C}.Debug|x86.ActiveCfg = Debug|Win32
		{FCA6E631-C435-4C03-97F3-B8DF3C246D6C}.Debug|x86.Build.0 = Debug|Win32
		{FCA6E631-C435-4C03-97F3-B8DF3C246D6C}.Release|x64.ActiveCfg = Release|x64
		{FCA6E631-C435-4C03-97F3-B8DF3C246D6C}.Release|x64.Build.0 = Release|x64
		{FCA6E631-C435-4C03-97F3-B8DF3C246D6C}.Release|x86.ActiveCfg = Release|Win32
		{FCA6E631-C435-4C03-97F3-B8DF3C246D6C}.Release|x86.Build.0 = Release|Win32
		{54C977D5-C8D7-4C2F-ACF2-7AE3B8CED8C3}.Debug|x64.ActiveCfg = Debug|x64
		{54C977D5-C8D7-4C2F-ACF2-7AE3B8CED8C3}.Debug|x64.Build.0 = Debug|x64
		{54C977D5-C8D7-4C2F-ACF2-7AE3B8CED8C3}.Debug|x86.ActiveCfg = Debug|Win32
		{54C977D5-C8D7-4C2F-ACF2-7AE3B8CED8C3}.Debug|x86.Build.0 = Debug|Win32
		{54C977D5-C8D7-4C2F-ACF2-7AE3B8CED8C3}.Release|x64.ActiveCfg = Release|x64
		{54C977D5-C8D7-4C2F-ACF2-7AE3B8CED8C3}.Release|x64.Build.0 = Release|x64
		{54C977D5-C8D7-4C2F-ACF2-7AE3B8CED8C3}.Release|x86.ActiveCfg = Release|Win32
		{54C977D5-C8D7-4C2F-ACF2-7AE3B8CED8C3}.Release|x86.Build.0 = Release|Win32
		{4B69C8E4-BDA8-49A7-A0E6-A57FEEECEA00}.Debug|x64.ActiveCfg = Debug|x64
		{4B69C8E4-BDA8-49A7-A0E6-A57FEEECEA00}.Debug|x64.Build.0 = Debug|x64
		{4B69C8E4-BDA8-49A7-A0E6-A57FEEECEA00}.Debug|x86.ActiveCfg = Debug|Win32
		{4B69C8E4-BDA8-49A7-A0E6-A57FEEECEA00}.Debug|x86.Build.0 = Debug|Win32
		{4B69C8E4-BDA8-49A7-A0E6-A57FEEECEA00}.Release|x64.ActiveCfg = Release|x64
		{4B69C8E4-BDA8-49A7-A0E6-A57FEEECEA00}.Release|x64.Build.0 = Release|x64
		{4B69C8E4-BDA8-49A7-A0E6-A57FEEECEA00}.Release|x86.ActiveCfg = Release|Win32
		{4B69C8E4-BDA8-49A7-A0E6-A57FEEECEA00}.Release|x86.Build.0 = Release|Win32
		{95CDB5E3-BE68-4D2A-94D7-FA2C0F5F7F86}.Debug|x64.ActiveCfg = Debug|x64
		{95CDB5E3-BE68-4D2A-94D7-FA2C0F5F7F86}.Debug|x64.Build.0 = Debug|x64
		{95CDB5E3-BE68-4D2A-94D7-FA2C0F5F7F86}.Debug|x86.ActiveCfg = Debug|Win32
		{95CDB5E3-BE68-4D2A-94D7-FA2C0F5F7F86}.Debug|x86.Build.0 = Debug|Win32
		{95CDB5E3-BE68-4D2A-94D7-FA2C0F5F7F86}.Release|x64.ActiveCfg = Release|x64
		{95CDB5E3-BE68-4D2A-94D7-FA2C0F5F7F86}.Release|x64.Build.0 = Release|x64
		{95CDB5E3-BE68-4D2A-94D7-FA2C0F5F7F86}.Release|x86.ActiveCfg = Release|Win32
		{95CDB5E3-BE68-4D2A-94D7-FA2C0F5F7F86}.Release|x86.Build.0 = Release|Win32
		{CACA1FF2-62CB-4402-B7E4-05DFF3E56C0A}.Debug|x64.ActiveCfg = Debug|x64
		{CACA1FF2-62CB-4402-B7E4-05DFF3E56C0A}.Debug|x64.Build.0 = Debug|x64
		{CACA1FF2-62CB-4402-B7E4-05DFF3E56C0A}.Debug|x86.ActiveCfg = Debug|Win32
		{CACA1FF2-62CB-4402-B7E4-05DFF3E56C0A}.Debug|x86.Build.0 = Debug|Win32
		{CACA1FF2-62CB-4402-B7E4-05DFF3E56C0A}.Release|x64.ActiveCfg = Release|x64
		{CACA1FF2-62CB-4402-B7E4-05DFF3E56C0A}.Release|x64.Build.0 = Release|x64
		{CACA1FF2-62CB-4402-B7E4-05DFF3E56C0A}.Release|x86.ActiveCfg = Release|Win32
		{CACA1FF2-62CB-4402-B7E4-05DFF3E56C0A}.Release|x86.Build.0 = Release|Win32
		{74F9676C-2BC9-488E-8F1C-192BC93A8AFF}.Debug|x64.ActiveCfg = Debug|x64
		{74F9676C-2BC9-488E-8F1C-192BC93A8AFF}.Debug|x64.Build.0 = Debug|x64
		{74F9676C-2BC9-488E-8F1C-192BC93A8AFF}.Debug|x86.ActiveCfg = Debug|Win32
		{74F9676C-2BC9-488E-8F1C-192BC93A8AFF}.Debug|x86.Build.0 = Debug|Win32
		{74F9676C-2BC9-488E-8F1C-192BC93A8AFF}.Release|x64.ActiveCfg = Release|x64
		{74F9676C-2BC9-488E-8F1C-192BC93A8AFF}.Release|x64.Build.0 = Release|x64
		{74F9676C-2BC9-488E-8F1C-192BC93A8AFF}.Release|x86.ActiveCfg = Release|Win32
		{74F9676C-2BC9-488E-8F1C-192BC93A8AFF}.Release|x86.Build.0 = Release|Win32
		{E2133278-2CAA-4961-8B13-757CF70E7160}.Debug|x64.ActiveCfg = Debug|x64
		{E2133278-2CAA-4961-8B13-757CF70E7160}.Debug|x64.Build.0 = Debug|x64
		{E2133278-2CAA-4961-8B13-757CF70E7160}.Debug|x86.ActiveCfg = Debug|Win32
		{E2133278-2CAA-4961-8B13-757CF70E7160}.Debug|x86.Build.0 = Debug|Win32
		{E2133278-2CAA-4961-8B13-757CF70E7160}.Release|x64.ActiveCfg = Release|x64
		{E2133278-2CAA-4961-8B13-757CF70E7160}.Release|x64.Build.0 = Release|x64
		{E2133278-2CAA-4961-8B13-757CF70E7160}.Release|x86.ActiveCfg = Release|Win32
		{E2133278-2CAA-4961-8B13-757CF70E7160}.Release|x86.Build.0 = Release|Win32
		{DD9E07AB-F0B5-4DF0-AC32-CC237D41443B}.Debug|x64.ActiveCfg = Debug|x64
		{DD9E07AB-F0B5-4DF0-AC32-CC237D41443B}.Debug|x64.Build.0 = Debug|x64
		{DD9E07AB-F0B5-4DF0-AC32-CC237D41443B}.Debug|x86.ActiveCfg = Debug|Win32
		{DD9E07AB-F0B5-4DF0-AC32-CC237D41443B}.Debug|x86.Build.0 = Debug|Win32
		{DD9E07AB-F0B5-4DF0-AC32-CC237D41443B}.Release|x64.ActiveCfg = Release|x64
		{DD9E07AB-F0B5-4DF0-AC32-CC237D41443B}.Release|x64.Build.0 = Release|x64
		{DD9E07AB-F0B5-4DF0-AC32-CC237D41443B}.Release|x86.ActiveCfg = Release|Win32
		{DD9E07AB-F0B5-4DF0-AC32-CC237D41443B}.Release|x86.Build.0 = Release|Win32
		{48456229-331B-465C-A479-2FA2C2199DF9}.Debug|x64.ActiveCfg = Debug|x64
		{48456229-331B-465C-A479-2FA2C2199DF9}.Debug|x64.Build.0 = Debug|x64
		{48456229-331B-465C-A479-2FA2C2199DF9}.Debug|x86.ActiveCfg = Debug|Win32
		{48456229-331B-465C-A479-2FA2C2199DF9}.Debug|x86.Build.0 = Debug|Win32
		{48456229-331B-465C-A479-2FA2C2199DF9}.Release|x64.ActiveCfg = Release|x64
		{48456229-331B-465C-A479-2FA2C2199DF9}.Release|x64.Build.0 = Release|x64
		{48456229-331B-465C-A479-2FA2C2199DF9}.Release|x86.ActiveCfg = Release|Win32
		{48456229-331B-465C-A479-2FA2C2199DF9}.Release|x86.Build.0 = Release|Win32
		{6B273724-384C-4706-858A-6FD33C11CBDF}.Debug|x64.ActiveCfg = Debug|x64
		{6B273724-384C-4706-858A-6FD33C11CBDF}.Debug|x64.Build.0 = Debug|x64
		{6B273724-384C-4706-858A-6FD33C11CBDF}.Debug|x86.ActiveCfg = Debug|Win32
		{6B273724-384C-4706-858A-6FD33C11CBDF}.Debug|x86.Build.0 = Debug|Win32
		{6B273724-384C-4706-858A-6FD33C11CBDF}.Release|x64.ActiveCfg = Release|x64
		{6B273724-384C-4706-858A-6FD33C11CBDF}.Release|x64.Build.0 = Release|x64
		{6B273724-384C-4706-858A-6FD33C11CBDF}.Release|x86.ActiveCfg = Release|Win32
		{6B273724-384C-4706-858A-6FD33C11CBDF}.Release|x86.Build.0 = Release|Win32
		{FB62073F-E235-437A-BB4A-FB5EED9ABE89}.Debug|x64.ActiveCfg = Debug|x64
		{FB62073F-E235-437A-BB4A-FB5EED9ABE89}.Debug|x64.Build.0 = Debug|x64
		{FB62073F-E235-437A-BB4A-FB5EED9ABE89}.Debug|x86.ActiveCfg = Debug|Win32
		{FB62073F-E235-437A-BB4A-FB5EED9ABE89}.Debug|x86.Build.0 = Debug|Win32
		{FB62073F-E235-437A-BB4A-FB5EED9ABE89}.Release|x64.ActiveCfg = Release|x64
		{FB62073F-E235-437A-BB4A-FB5EED9ABE89}.Release|x64.Build.0 = Release|x64
		{FB62073F-E235-437A-BB4A-FB5EED9ABE89}.Release|x86.ActiveCfg = Release|Win32
		{FB62073F-E235-437A-BB4A-FB5EED9ABE89}.Release|x86.Build.0 = Release|Win32
	EndGlobalSection
	GlobalSection(SolutionProperties) = preSolution
		HideSolutionNode = FALSE
	EndGlobalSection
	GlobalSection(ExtensibilityGlobals) = postSolution
		SolutionGuid = {4D7EB340-95AA-4619-8610-D9CD4BECE136}
	EndGlobalSection
EndGlobal
