
Microsoft Visual Studio Solution File, Format Version 12.00
# Visual Studio 15
VisualStudioVersion = 15.0.28307.539
MinimumVisualStudioVersion = 10.0.40219.1
Project("{8BC9CEB8-8B4A-11D0-8D11-00A0C91BC942}") = "day10_04.13", "c++\c++.vcxproj", "{C8179632-31B1-433F-9570-04687A33CFC6}"
EndProject
Project("{8BC9CEB8-8B4A-11D0-8D11-00A0C91BC942}") = "day11_04.15", "day11_04.15\day11_04.15.vcxproj", "{6D165571-E014-4A81-B5C4-A3DEAC1DA1B1}"
EndProject
Project("{8BC9CEB8-8B4A-11D0-8D11-00A0C91BC942}") = "day12_04.16", "day12_04.16\day12_04.16.vcxproj", "{D01EAA3B-4498-4B0A-AE6F-1C8D5EE4CA73}"
EndProject
Project("{8BC9CEB8-8B4A-11D0-8D11-00A0C91BC942}") = "day13_04.17", "day13_04.17\day13_04.17.vcxproj", "{8F53E135-D644-4B6F-8648-ACC8F6BE7719}"
EndProject
Project("{8BC9CEB8-8B4A-11D0-8D11-00A0C91BC942}") = "day14_04.18", "day14_04.18\day14_04.18.vcxproj", "{D39855CD-1975-471F-A99E-DEB5030304BA}"
EndProject
Project("{8BC9CEB8-8B4A-11D0-8D11-00A0C91BC942}") = "day15_04.20", "day15_04.20\day15_04.20.vcxproj", "{BBF49D84-E563-49AA-8C64-98BFA62DE09F}"
EndProject
Global
	GlobalSection(SolutionConfigurationPlatforms) = preSolution
		Debug|x64 = Debug|x64
		Debug|x86 = Debug|x86
		Release|x64 = Release|x64
		Release|x86 = Release|x86
	EndGlobalSection
	GlobalSection(ProjectConfigurationPlatforms) = postSolution
		{C8179632-31B1-433F-9570-04687A33CFC6}.Debug|x64.ActiveCfg = Debug|x64
		{C8179632-31B1-433F-9570-04687A33CFC6}.Debug|x64.Build.0 = Debug|x64
		{C8179632-31B1-433F-9570-04687A33CFC6}.Debug|x86.ActiveCfg = Debug|Win32
		{C8179632-31B1-433F-9570-04687A33CFC6}.Debug|x86.Build.0 = Debug|Win32
		{C8179632-31B1-433F-9570-04687A33CFC6}.Release|x64.ActiveCfg = Release|x64
		{C8179632-31B1-433F-9570-04687A33CFC6}.Release|x64.Build.0 = Release|x64
		{C8179632-31B1-433F-9570-04687A33CFC6}.Release|x86.ActiveCfg = Release|Win32
		{C8179632-31B1-433F-9570-04687A33CFC6}.Release|x86.Build.0 = Release|Win32
		{6D165571-E014-4A81-B5C4-A3DEAC1DA1B1}.Debug|x64.ActiveCfg = Debug|x64
		{6D165571-E014-4A81-B5C4-A3DEAC1DA1B1}.Debug|x64.Build.0 = Debug|x64
		{6D165571-E014-4A81-B5C4-A3DEAC1DA1B1}.Debug|x86.ActiveCfg = Debug|Win32
		{6D165571-E014-4A81-B5C4-A3DEAC1DA1B1}.Debug|x86.Build.0 = Debug|Win32
		{6D165571-E014-4A81-B5C4-A3DEAC1DA1B1}.Release|x64.ActiveCfg = Release|x64
		{6D165571-E014-4A81-B5C4-A3DEAC1DA1B1}.Release|x64.Build.0 = Release|x64
		{6D165571-E014-4A81-B5C4-A3DEAC1DA1B1}.Release|x86.ActiveCfg = Release|Win32
		{6D165571-E014-4A81-B5C4-A3DEAC1DA1B1}.Release|x86.Build.0 = Release|Win32
		{D01EAA3B-4498-4B0A-AE6F-1C8D5EE4CA73}.Debug|x64.ActiveCfg = Debug|x64
		{D01EAA3B-4498-4B0A-AE6F-1C8D5EE4CA73}.Debug|x64.Build.0 = Debug|x64
		{D01EAA3B-4498-4B0A-AE6F-1C8D5EE4CA73}.Debug|x86.ActiveCfg = Debug|Win32
		{D01EAA3B-4498-4B0A-AE6F-1C8D5EE4CA73}.Debug|x86.Build.0 = Debug|Win32
		{D01EAA3B-4498-4B0A-AE6F-1C8D5EE4CA73}.Release|x64.ActiveCfg = Release|x64
		{D01EAA3B-4498-4B0A-AE6F-1C8D5EE4CA73}.Release|x64.Build.0 = Release|x64
		{D01EAA3B-4498-4B0A-AE6F-1C8D5EE4CA73}.Release|x86.ActiveCfg = Release|Win32
		{D01EAA3B-4498-4B0A-AE6F-1C8D5EE4CA73}.Release|x86.Build.0 = Release|Win32
		{8F53E135-D644-4B6F-8648-ACC8F6BE7719}.Debug|x64.ActiveCfg = Debug|x64
		{8F53E135-D644-4B6F-8648-ACC8F6BE7719}.Debug|x64.Build.0 = Debug|x64
		{8F53E135-D644-4B6F-8648-ACC8F6BE7719}.Debug|x86.ActiveCfg = Debug|Win32
		{8F53E135-D644-4B6F-8648-ACC8F6BE7719}.Debug|x86.Build.0 = Debug|Win32
		{8F53E135-D644-4B6F-8648-ACC8F6BE7719}.Release|x64.ActiveCfg = Release|x64
		{8F53E135-D644-4B6F-8648-ACC8F6BE7719}.Release|x64.Build.0 = Release|x64
		{8F53E135-D644-4B6F-8648-ACC8F6BE7719}.Release|x86.ActiveCfg = Release|Win32
		{8F53E135-D644-4B6F-8648-ACC8F6BE7719}.Release|x86.Build.0 = Release|Win32
		{D39855CD-1975-471F-A99E-DEB5030304BA}.Debug|x64.ActiveCfg = Debug|x64
		{D39855CD-1975-471F-A99E-DEB5030304BA}.Debug|x64.Build.0 = Debug|x64
		{D39855CD-1975-471F-A99E-DEB5030304BA}.Debug|x86.ActiveCfg = Debug|Win32
		{D39855CD-1975-471F-A99E-DEB5030304BA}.Debug|x86.Build.0 = Debug|Win32
		{D39855CD-1975-471F-A99E-DEB5030304BA}.Release|x64.ActiveCfg = Release|x64
		{D39855CD-1975-471F-A99E-DEB5030304BA}.Release|x64.Build.0 = Release|x64
		{D39855CD-1975-471F-A99E-DEB5030304BA}.Release|x86.ActiveCfg = Release|Win32
		{D39855CD-1975-471F-A99E-DEB5030304BA}.Release|x86.Build.0 = Release|Win32
		{BBF49D84-E563-49AA-8C64-98BFA62DE09F}.Debug|x64.ActiveCfg = Debug|x64
		{BBF49D84-E563-49AA-8C64-98BFA62DE09F}.Debug|x64.Build.0 = Debug|x64
		{BBF49D84-E563-49AA-8C64-98BFA62DE09F}.Debug|x86.ActiveCfg = Debug|Win32
		{BBF49D84-E563-49AA-8C64-98BFA62DE09F}.Debug|x86.Build.0 = Debug|Win32
		{BBF49D84-E563-49AA-8C64-98BFA62DE09F}.Release|x64.ActiveCfg = Release|x64
		{BBF49D84-E563-49AA-8C64-98BFA62DE09F}.Release|x64.Build.0 = Release|x64
		{BBF49D84-E563-49AA-8C64-98BFA62DE09F}.Release|x86.ActiveCfg = Release|Win32
		{BBF49D84-E563-49AA-8C64-98BFA62DE09F}.Release|x86.Build.0 = Release|Win32
	EndGlobalSection
	GlobalSection(SolutionProperties) = preSolution
		HideSolutionNode = FALSE
	EndGlobalSection
	GlobalSection(ExtensibilityGlobals) = postSolution
		SolutionGuid = {38715BB9-D982-4A33-B0E5-DF840A8EF065}
	EndGlobalSection
EndGlobal
