
Microsoft Visual Studio Solution File, Format Version 12.00
# Visual Studio 15
VisualStudioVersion = 15.0.28307.539
MinimumVisualStudioVersion = 10.0.40219.1
Project("{8BC9CEB8-8B4A-11D0-8D11-00A0C91BC942}") = "day18_04.24", "win32api\win32api.vcxproj", "{907406CE-A70A-4F45-8055-21C57B26961B}"
EndProject
Project("{8BC9CEB8-8B4A-11D0-8D11-00A0C91BC942}") = "day19_04.25", "day19_04.25\day19_04.25.vcxproj", "{D0397D5E-8638-4E7B-B064-6874BE5F696A}"
EndProject
Project("{8BC9CEB8-8B4A-11D0-8D11-00A0C91BC942}") = "day20_04.27", "day20_04.27\day20_04.27.vcxproj", "{D494DE51-52FA-4166-ABB6-18652B3F5A2D}"
EndProject
Global
	GlobalSection(SolutionConfigurationPlatforms) = preSolution
		Debug|x64 = Debug|x64
		Debug|x86 = Debug|x86
		Release|x64 = Release|x64
		Release|x86 = Release|x86
	EndGlobalSection
	GlobalSection(ProjectConfigurationPlatforms) = postSolution
		{907406CE-A70A-4F45-8055-21C57B26961B}.Debug|x64.ActiveCfg = Debug|x64
		{907406CE-A70A-4F45-8055-21C57B26961B}.Debug|x64.Build.0 = Debug|x64
		{907406CE-A70A-4F45-8055-21C57B26961B}.Debug|x86.ActiveCfg = Debug|Win32
		{907406CE-A70A-4F45-8055-21C57B26961B}.Debug|x86.Build.0 = Debug|Win32
		{907406CE-A70A-4F45-8055-21C57B26961B}.Release|x64.ActiveCfg = Release|x64
		{907406CE-A70A-4F45-8055-21C57B26961B}.Release|x64.Build.0 = Release|x64
		{907406CE-A70A-4F45-8055-21C57B26961B}.Release|x86.ActiveCfg = Release|Win32
		{907406CE-A70A-4F45-8055-21C57B26961B}.Release|x86.Build.0 = Release|Win32
		{D0397D5E-8638-4E7B-B064-6874BE5F696A}.Debug|x64.ActiveCfg = Debug|x64
		{D0397D5E-8638-4E7B-B064-6874BE5F696A}.Debug|x64.Build.0 = Debug|x64
		{D0397D5E-8638-4E7B-B064-6874BE5F696A}.Debug|x86.ActiveCfg = Debug|Win32
		{D0397D5E-8638-4E7B-B064-6874BE5F696A}.Debug|x86.Build.0 = Debug|Win32
		{D0397D5E-8638-4E7B-B064-6874BE5F696A}.Release|x64.ActiveCfg = Release|x64
		{D0397D5E-8638-4E7B-B064-6874BE5F696A}.Release|x64.Build.0 = Release|x64
		{D0397D5E-8638-4E7B-B064-6874BE5F696A}.Release|x86.ActiveCfg = Release|Win32
		{D0397D5E-8638-4E7B-B064-6874BE5F696A}.Release|x86.Build.0 = Release|Win32
		{D494DE51-52FA-4166-ABB6-18652B3F5A2D}.Debug|x64.ActiveCfg = Debug|x64
		{D494DE51-52FA-4166-ABB6-18652B3F5A2D}.Debug|x64.Build.0 = Debug|x64
		{D494DE51-52FA-4166-ABB6-18652B3F5A2D}.Debug|x86.ActiveCfg = Debug|Win32
		{D494DE51-52FA-4166-ABB6-18652B3F5A2D}.Debug|x86.Build.0 = Debug|Win32
		{D494DE51-52FA-4166-ABB6-18652B3F5A2D}.Release|x64.ActiveCfg = Release|x64
		{D494DE51-52FA-4166-ABB6-18652B3F5A2D}.Release|x64.Build.0 = Release|x64
		{D494DE51-52FA-4166-ABB6-18652B3F5A2D}.Release|x86.ActiveCfg = Release|Win32
		{D494DE51-52FA-4166-ABB6-18652B3F5A2D}.Release|x86.Build.0 = Release|Win32
	EndGlobalSection
	GlobalSection(SolutionProperties) = preSolution
		HideSolutionNode = FALSE
	EndGlobalSection
	GlobalSection(ExtensibilityGlobals) = postSolution
		SolutionGuid = {159F1E4D-BD66-451A-948C-836B507BC88E}
	EndGlobalSection
EndGlobal
